
Microsoft Visual Studio Solution File, Format Version 12.00
# Visual Studio Version 17
VisualStudioVersion = 17.3.32929.385
MinimumVisualStudioVersion = 10.0.40219.1
Project("{9A19103F-16F7-4668-BE54-9A1E7A4F7556}") = "MarkelInsuranceApp", "MarkelInsuranceApp\MarkelInsuranceApp.csproj", "{1C67AD38-FB62-4CFC-A1A3-06AAC7DD42D4}"
EndProject
Project("{9A19103F-16F7-4668-BE54-9A1E7A4F7556}") = "MarkelInsuranceAppUnitTests", "MarkelInsuranceAppUnitTests\MarkelInsuranceAppUnitTests.csproj", "{AB9F0104-C1B4-4254-8B94-8983E37D39F7}"
EndProject
Global
	GlobalSection(SolutionConfigurationPlatforms) = preSolution
		Debug|Any CPU = Debug|Any CPU
		Release|Any CPU = Release|Any CPU
	EndGlobalSection
	GlobalSection(ProjectConfigurationPlatforms) = postSolution
		{1C67AD38-FB62-4CFC-A1A3-06AAC7DD42D4}.Debug|Any CPU.ActiveCfg = Debug|Any CPU
		{1C67AD38-FB62-4CFC-A1A3-06AAC7DD42D4}.Debug|Any CPU.Build.0 = Debug|Any CPU
		{1C67AD38-FB62-4CFC-A1A3-06AAC7DD42D4}.Release|Any CPU.ActiveCfg = Release|Any CPU
		{1C67AD38-FB62-4CFC-A1A3-06AAC7DD42D4}.Release|Any CPU.Build.0 = Release|Any CPU
		{AB9F0104-C1B4-4254-8B94-8983E37D39F7}.Debug|Any CPU.ActiveCfg = Debug|Any CPU
		{AB9F0104-C1B4-4254-8B94-8983E37D39F7}.Debug|Any CPU.Build.0 = Debug|Any CPU
		{AB9F0104-C1B4-4254-8B94-8983E37D39F7}.Release|Any CPU.ActiveCfg = Release|Any CPU
		{AB9F0104-C1B4-4254-8B94-8983E37D39F7}.Release|Any CPU.Build.0 = Release|Any CPU
	EndGlobalSection
	GlobalSection(SolutionProperties) = preSolution
		HideSolutionNode = FALSE
	EndGlobalSection
	GlobalSection(ExtensibilityGlobals) = postSolution
		SolutionGuid = {C08A45C3-FFD4-474F-B7A6-EAB553AB3283}
	EndGlobalSection
EndGlobal
